
Microsoft Visual Studio Solution File, Format Version 12.00
# Visual Studio Version 17
VisualStudioVersion = 17.13.35825.156 d17.13
MinimumVisualStudioVersion = 10.0.40219.1
Project("{FAE04EC0-301F-11D3-BF4B-00C04F79EFBC}") = "StackReverseString", "StackReverseString\StackReverseString.csproj", "{70E3F1F8-4725-4C56-B707-DDAD7D9B0C07}"
EndProject
Global
	GlobalSection(SolutionConfigurationPlatforms) = preSolution
		Debug|Any CPU = Debug|Any CPU
		Release|Any CPU = Release|Any CPU
	EndGlobalSection
	GlobalSection(ProjectConfigurationPlatforms) = postSolution
		{70E3F1F8-4725-4C56-B707-DDAD7D9B0C07}.Debug|Any CPU.ActiveCfg = Debug|Any CPU
		{70E3F1F8-4725-4C56-B707-DDAD7D9B0C07}.Debug|Any CPU.Build.0 = Debug|Any CPU
		{70E3F1F8-4725-4C56-B707-DDAD7D9B0C07}.Release|Any CPU.ActiveCfg = Release|Any CPU
		{70E3F1F8-4725-4C56-B707-DDAD7D9B0C07}.Release|Any CPU.Build.0 = Release|Any CPU
	EndGlobalSection
	GlobalSection(SolutionProperties) = preSolution
		HideSolutionNode = FALSE
	EndGlobalSection
	GlobalSection(ExtensibilityGlobals) = postSolution
		SolutionGuid = {4403FE3C-60BB-4CFC-8976-E6C0CD394F2F}
	EndGlobalSection
EndGlobal
