
Microsoft Visual Studio Solution File, Format Version 12.00
# Visual Studio Version 17
VisualStudioVersion = 17.13.35825.156 d17.13
MinimumVisualStudioVersion = 10.0.40219.1
Project("{FAE04EC0-301F-11D3-BF4B-00C04F79EFBC}") = "Tree Hight", "Tree Hight\Tree Hight.csproj", "{0E8A0C3F-C5C7-46DD-B4B4-F8CA2AC0BD36}"
EndProject
Global
	GlobalSection(SolutionConfigurationPlatforms) = preSolution
		Debug|Any CPU = Debug|Any CPU
		Release|Any CPU = Release|Any CPU
	EndGlobalSection
	GlobalSection(ProjectConfigurationPlatforms) = postSolution
		{0E8A0C3F-C5C7-46DD-B4B4-F8CA2AC0BD36}.Debug|Any CPU.ActiveCfg = Debug|Any CPU
		{0E8A0C3F-C5C7-46DD-B4B4-F8CA2AC0BD36}.Debug|Any CPU.Build.0 = Debug|Any CPU
		{0E8A0C3F-C5C7-46DD-B4B4-F8CA2AC0BD36}.Release|Any CPU.ActiveCfg = Release|Any CPU
		{0E8A0C3F-C5C7-46DD-B4B4-F8CA2AC0BD36}.Release|Any CPU.Build.0 = Release|Any CPU
	EndGlobalSection
	GlobalSection(SolutionProperties) = preSolution
		HideSolutionNode = FALSE
	EndGlobalSection
	GlobalSection(ExtensibilityGlobals) = postSolution
		SolutionGuid = {460BE17B-7CC7-40AD-AF58-CB5DC0D3BBB3}
	EndGlobalSection
EndGlobal
